
Microsoft Visual Studio Solution File, Format Version 12.00
# Visual Studio Version 17
VisualStudioVersion = 17.14.36804.6 d17.14
MinimumVisualStudioVersion = 10.0.40219.1
Project("{FAE04EC0-301F-11D3-BF4B-00C04F79EFBC}") = "myFirstDotNet", "myFirstDotNet.csproj", "{C1132DEA-9404-4F52-8122-F4F72788549F}"
EndProject
Global
	GlobalSection(SolutionConfigurationPlatforms) = preSolution
		Debug|Any CPU = Debug|Any CPU
		Release|Any CPU = Release|Any CPU
	EndGlobalSection
	GlobalSection(ProjectConfigurationPlatforms) = postSolution
		{C1132DEA-9404-4F52-8122-F4F72788549F}.Debug|Any CPU.ActiveCfg = Debug|Any CPU
		{C1132DEA-9404-4F52-8122-F4F72788549F}.Debug|Any CPU.Build.0 = Debug|Any CPU
		{C1132DEA-9404-4F52-8122-F4F72788549F}.Release|Any CPU.ActiveCfg = Release|Any CPU
		{C1132DEA-9404-4F52-8122-F4F72788549F}.Release|Any CPU.Build.0 = Release|Any CPU
	EndGlobalSection
	GlobalSection(SolutionProperties) = preSolution
		HideSolutionNode = FALSE
	EndGlobalSection
	GlobalSection(ExtensibilityGlobals) = postSolution
		SolutionGuid = {F7A97DCA-DF75-4924-ADE6-63410B31D82C}
	EndGlobalSection
EndGlobal
